// !$*UTF8*$!
{
	archiveVersion = 1;
	classes = {
	};
	objectVersion = 46;
	objects = {

/* Begin PBXBuildFile section */
		240D05FA13CB98A7004CB15E /* SecurityInterface.framework in Frameworks */ = {isa = PBXBuildFile; fileRef = 240D05F913CB98A7004CB15E /* SecurityInterface.framework */; };
		2412DE4313D48D9000EB8C76 /* DKActionButton.h in Headers */ = {isa = PBXBuildFile; fileRef = 2412DE3F13D48D9000EB8C76 /* DKActionButton.h */; };
		2412DE4413D48D9000EB8C76 /* DKActionButton.m in Sources */ = {isa = PBXBuildFile; fileRef = 2412DE4013D48D9000EB8C76 /* DKActionButton.m */; };
		2412DE4513D48D9000EB8C76 /* DKActionButtonCell.h in Headers */ = {isa = PBXBuildFile; fileRef = 2412DE4113D48D9000EB8C76 /* DKActionButtonCell.h */; };
		2412DE4613D48D9000EB8C76 /* DKActionButtonCell.m in Sources */ = {isa = PBXBuildFile; fileRef = 2412DE4213D48D9000EB8C76 /* DKActionButtonCell.m */; };
		244DF3D713D5C47F00A7AEEC /* Localization.strings in Resources */ = {isa = PBXBuildFile; fileRef = 244DF3D513D5C47F00A7AEEC /* Localization.strings */; };
		24828E9313CCCF9800A1A1D4 /* Foundation.framework in Frameworks */ = {isa = PBXBuildFile; fileRef = 24828E9213CCCF9800A1A1D4 /* Foundation.framework */; };
		24828E9613CCCF9800A1A1D4 /* main.m in Sources */ = {isa = PBXBuildFile; fileRef = 24828E9513CCCF9800A1A1D4 /* main.m */; };
		24828E9A13CCCF9800A1A1D4 /* SecureWrite.1 in CopyFiles */ = {isa = PBXBuildFile; fileRef = 24828E9913CCCF9800A1A1D4 /* SecureWrite.1 */; };
		24828EA113CCD3EA00A1A1D4 /* SecureWrite in Resources */ = {isa = PBXBuildFile; fileRef = 24828E9013CCCF9800A1A1D4 /* SecureWrite */; };
		24828EA913CCDE4C00A1A1D4 /* Security.framework in Frameworks */ = {isa = PBXBuildFile; fileRef = 24828EA813CCDE4C00A1A1D4 /* Security.framework */; };
		24B3AF9313D09BE300E1F7FB /* JCIComboSource.h in Headers */ = {isa = PBXBuildFile; fileRef = 24B3AF9113D09BE300E1F7FB /* JCIComboSource.h */; };
		24B3AF9413D09BE300E1F7FB /* JCIComboSource.m in Sources */ = {isa = PBXBuildFile; fileRef = 24B3AF9213D09BE300E1F7FB /* JCIComboSource.m */; };
		24D15E1B13CF4A8700ABB3A3 /* JCILaunchdPlist.h in Headers */ = {isa = PBXBuildFile; fileRef = 24D15E1913CF4A8700ABB3A3 /* JCILaunchdPlist.h */; };
		24D15E1C13CF4A8700ABB3A3 /* JCILaunchdPlist.m in Sources */ = {isa = PBXBuildFile; fileRef = 24D15E1A13CF4A8700ABB3A3 /* JCILaunchdPlist.m */; };
		24F4E1DC13D48F4B00073A42 /* Plus.tiff in Resources */ = {isa = PBXBuildFile; fileRef = 24F4E1DB13D48F4B00073A42 /* Plus.tiff */; };
		24F4E1DF13D490E200073A42 /* Minus.tiff in Resources */ = {isa = PBXBuildFile; fileRef = 24F4E1DE13D490E200073A42 /* Minus.tiff */; };
		24FEDBF413CB565500C6EEFF /* Cocoa.framework in Frameworks */ = {isa = PBXBuildFile; fileRef = 24FEDBF313CB565500C6EEFF /* Cocoa.framework */; };
		24FEDBF613CB565500C6EEFF /* PreferencePanes.framework in Frameworks */ = {isa = PBXBuildFile; fileRef = 24FEDBF513CB565500C6EEFF /* PreferencePanes.framework */; };
		24FEDC0013CB565500C6EEFF /* InfoPlist.strings in Resources */ = {isa = PBXBuildFile; fileRef = 24FEDBFE13CB565500C6EEFF /* InfoPlist.strings */; };
		24FEDC0313CB565500C6EEFF /* JCIPrefPane.h in Headers */ = {isa = PBXBuildFile; fileRef = 24FEDC0213CB565500C6EEFF /* JCIPrefPane.h */; };
		24FEDC0A13CB565500C6EEFF /* Jenkins.xib in Resources */ = {isa = PBXBuildFile; fileRef = 24FEDC0813CB565500C6EEFF /* Jenkins.xib */; };
		B1883AE813D2AB83007B7ADB /* JCIPrefPane.m in Sources */ = {isa = PBXBuildFile; fileRef = B1883AE913D2AB83007B7ADB /* JCIPrefPane.m */; };
		B18D4C5313D009A30053E20B /* Jenkins.tiff in Resources */ = {isa = PBXBuildFile; fileRef = B18D4C5213D009A30053E20B /* Jenkins.tiff */; };
/* End PBXBuildFile section */

/* Begin PBXContainerItemProxy section */
		24828E9F13CCD3E300A1A1D4 /* PBXContainerItemProxy */ = {
			isa = PBXContainerItemProxy;
			containerPortal = 24FEDBE513CB565500C6EEFF /* Project object */;
			proxyType = 1;
			remoteGlobalIDString = 24828E8F13CCCF9800A1A1D4;
			remoteInfo = SecureWrite;
		};
/* End PBXContainerItemProxy section */

/* Begin PBXCopyFilesBuildPhase section */
		24828E8E13CCCF9800A1A1D4 /* CopyFiles */ = {
			isa = PBXCopyFilesBuildPhase;
			buildActionMask = 2147483647;
			dstPath = /usr/share/man/man1/;
			dstSubfolderSpec = 0;
			files = (
				24828E9A13CCCF9800A1A1D4 /* SecureWrite.1 in CopyFiles */,
			);
			runOnlyForDeploymentPostprocessing = 1;
		};
/* End PBXCopyFilesBuildPhase section */

/* Begin PBXFileReference section */
		240D05F913CB98A7004CB15E /* SecurityInterface.framework */ = {isa = PBXFileReference; lastKnownFileType = wrapper.framework; name = SecurityInterface.framework; path = System/Library/Frameworks/SecurityInterface.framework; sourceTree = SDKROOT; };
		2412DE3F13D48D9000EB8C76 /* DKActionButton.h */ = {isa = PBXFileReference; fileEncoding = 4; lastKnownFileType = sourcecode.c.h; name = DKActionButton.h; path = ../DKActionButton.h; sourceTree = "<group>"; };
		2412DE4013D48D9000EB8C76 /* DKActionButton.m */ = {isa = PBXFileReference; fileEncoding = 4; lastKnownFileType = sourcecode.c.objc; name = DKActionButton.m; path = ../DKActionButton.m; sourceTree = "<group>"; };
		2412DE4113D48D9000EB8C76 /* DKActionButtonCell.h */ = {isa = PBXFileReference; fileEncoding = 4; lastKnownFileType = sourcecode.c.h; name = DKActionButtonCell.h; path = ../DKActionButtonCell.h; sourceTree = "<group>"; };
		2412DE4213D48D9000EB8C76 /* DKActionButtonCell.m */ = {isa = PBXFileReference; fileEncoding = 4; lastKnownFileType = sourcecode.c.objc; name = DKActionButtonCell.m; path = ../DKActionButtonCell.m; sourceTree = "<group>"; };
		244DF3D613D5C47F00A7AEEC /* en */ = {isa = PBXFileReference; lastKnownFileType = text.plist.strings; name = en; path = en.lproj/Localization.strings; sourceTree = "<group>"; };
		24828E9013CCCF9800A1A1D4 /* SecureWrite */ = {isa = PBXFileReference; explicitFileType = "compiled.mach-o.executable"; includeInIndex = 0; path = SecureWrite; sourceTree = BUILT_PRODUCTS_DIR; };
		24828E9213CCCF9800A1A1D4 /* Foundation.framework */ = {isa = PBXFileReference; lastKnownFileType = wrapper.framework; name = Foundation.framework; path = System/Library/Frameworks/Foundation.framework; sourceTree = SDKROOT; };
		24828E9513CCCF9800A1A1D4 /* main.m */ = {isa = PBXFileReference; lastKnownFileType = sourcecode.c.objc; path = main.m; sourceTree = "<group>"; };
		24828E9813CCCF9800A1A1D4 /* SecureWrite-Prefix.pch */ = {isa = PBXFileReference; lastKnownFileType = sourcecode.c.h; path = "SecureWrite-Prefix.pch"; sourceTree = "<group>"; };
		24828E9913CCCF9800A1A1D4 /* SecureWrite.1 */ = {isa = PBXFileReference; lastKnownFileType = text.man; path = SecureWrite.1; sourceTree = "<group>"; };
		24828EA813CCDE4C00A1A1D4 /* Security.framework */ = {isa = PBXFileReference; lastKnownFileType = wrapper.framework; name = Security.framework; path = System/Library/Frameworks/Security.framework; sourceTree = SDKROOT; };
		24B3AF9113D09BE300E1F7FB /* JCIComboSource.h */ = {isa = PBXFileReference; fileEncoding = 4; lastKnownFileType = sourcecode.c.h; path = JCIComboSource.h; sourceTree = "<group>"; };
		24B3AF9213D09BE300E1F7FB /* JCIComboSource.m */ = {isa = PBXFileReference; fileEncoding = 4; lastKnownFileType = sourcecode.c.objc; path = JCIComboSource.m; sourceTree = "<group>"; };
		24D15E1913CF4A8700ABB3A3 /* JCILaunchdPlist.h */ = {isa = PBXFileReference; fileEncoding = 4; lastKnownFileType = sourcecode.c.h; lineEnding = 0; name = JCILaunchdPlist.h; path = ../JCILaunchdPlist.h; sourceTree = "<group>"; xcLanguageSpecificationIdentifier = xcode.lang.objcpp; };
		24D15E1A13CF4A8700ABB3A3 /* JCILaunchdPlist.m */ = {isa = PBXFileReference; fileEncoding = 4; lastKnownFileType = sourcecode.c.objc; lineEnding = 0; name = JCILaunchdPlist.m; path = ../JCILaunchdPlist.m; sourceTree = "<group>"; xcLanguageSpecificationIdentifier = xcode.lang.objc; };
		24F4E1DB13D48F4B00073A42 /* Plus.tiff */ = {isa = PBXFileReference; lastKnownFileType = image.tiff; path = Plus.tiff; sourceTree = "<group>"; };
		24F4E1DE13D490E200073A42 /* Minus.tiff */ = {isa = PBXFileReference; lastKnownFileType = image.tiff; path = Minus.tiff; sourceTree = "<group>"; };
		24FEDBF013CB565500C6EEFF /* Jenkins Preference Pane.prefPane */ = {isa = PBXFileReference; explicitFileType = wrapper.cfbundle; includeInIndex = 0; path = "Jenkins Preference Pane.prefPane"; sourceTree = BUILT_PRODUCTS_DIR; };
		24FEDBF313CB565500C6EEFF /* Cocoa.framework */ = {isa = PBXFileReference; lastKnownFileType = wrapper.framework; name = Cocoa.framework; path = System/Library/Frameworks/Cocoa.framework; sourceTree = SDKROOT; };
		24FEDBF513CB565500C6EEFF /* PreferencePanes.framework */ = {isa = PBXFileReference; lastKnownFileType = wrapper.framework; name = PreferencePanes.framework; path = System/Library/Frameworks/PreferencePanes.framework; sourceTree = SDKROOT; };
		24FEDBF813CB565500C6EEFF /* AppKit.framework */ = {isa = PBXFileReference; lastKnownFileType = wrapper.framework; name = AppKit.framework; path = System/Library/Frameworks/AppKit.framework; sourceTree = SDKROOT; };
		24FEDBF913CB565500C6EEFF /* CoreData.framework */ = {isa = PBXFileReference; lastKnownFileType = wrapper.framework; name = CoreData.framework; path = System/Library/Frameworks/CoreData.framework; sourceTree = SDKROOT; };
		24FEDBFA13CB565500C6EEFF /* Foundation.framework */ = {isa = PBXFileReference; lastKnownFileType = wrapper.framework; name = Foundation.framework; path = System/Library/Frameworks/Foundation.framework; sourceTree = SDKROOT; };
		24FEDBFD13CB565500C6EEFF /* Jenkins Preference Pane-Info.plist */ = {isa = PBXFileReference; lastKnownFileType = text.plist.xml; path = "Jenkins Preference Pane-Info.plist"; sourceTree = "<group>"; };
		24FEDBFF13CB565500C6EEFF /* en */ = {isa = PBXFileReference; lastKnownFileType = text.plist.strings; name = en; path = en.lproj/InfoPlist.strings; sourceTree = "<group>"; };
		24FEDC0113CB565500C6EEFF /* Jenkins Preference Pane-Prefix.pch */ = {isa = PBXFileReference; lastKnownFileType = sourcecode.c.h; lineEnding = 0; path = "Jenkins Preference Pane-Prefix.pch"; sourceTree = "<group>"; xcLanguageSpecificationIdentifier = xcode.lang.objc; };
		24FEDC0213CB565500C6EEFF /* JCIPrefPane.h */ = {isa = PBXFileReference; lastKnownFileType = sourcecode.c.h; lineEnding = 0; path = JCIPrefPane.h; sourceTree = "<group>"; xcLanguageSpecificationIdentifier = xcode.lang.objcpp; };
		24FEDC0913CB565500C6EEFF /* en */ = {isa = PBXFileReference; lastKnownFileType = file.xib; name = en; path = en.lproj/Jenkins.xib; sourceTree = "<group>"; };
		B1883AE913D2AB83007B7ADB /* JCIPrefPane.m */ = {isa = PBXFileReference; lastKnownFileType = sourcecode.c.objc; path = JCIPrefPane.m; sourceTree = "<group>"; };
		B18D4C5213D009A30053E20B /* Jenkins.tiff */ = {isa = PBXFileReference; lastKnownFileType = image.tiff; path = Jenkins.tiff; sourceTree = "<group>"; };
/* End PBXFileReference section */

/* Begin PBXFrameworksBuildPhase section */
		24828E8D13CCCF9800A1A1D4 /* Frameworks */ = {
			isa = PBXFrameworksBuildPhase;
			buildActionMask = 2147483647;
			files = (
				24828E9313CCCF9800A1A1D4 /* Foundation.framework in Frameworks */,
			);
			runOnlyForDeploymentPostprocessing = 0;
		};
		24FEDBEB13CB565500C6EEFF /* Frameworks */ = {
			isa = PBXFrameworksBuildPhase;
			buildActionMask = 2147483647;
			files = (
				24828EA913CCDE4C00A1A1D4 /* Security.framework in Frameworks */,
				240D05FA13CB98A7004CB15E /* SecurityInterface.framework in Frameworks */,
				24FEDBF413CB565500C6EEFF /* Cocoa.framework in Frameworks */,
				24FEDBF613CB565500C6EEFF /* PreferencePanes.framework in Frameworks */,
			);
			runOnlyForDeploymentPostprocessing = 0;
		};
/* End PBXFrameworksBuildPhase section */

/* Begin PBXGroup section */
		24828E9413CCCF9800A1A1D4 /* SecureWrite */ = {
			isa = PBXGroup;
			children = (
				24828E9513CCCF9800A1A1D4 /* main.m */,
				24828E9913CCCF9800A1A1D4 /* SecureWrite.1 */,
				24828E9713CCCF9800A1A1D4 /* Supporting Files */,
			);
			path = SecureWrite;
			sourceTree = "<group>";
		};
		24828E9713CCCF9800A1A1D4 /* Supporting Files */ = {
			isa = PBXGroup;
			children = (
				24828E9813CCCF9800A1A1D4 /* SecureWrite-Prefix.pch */,
			);
			name = "Supporting Files";
			sourceTree = "<group>";
		};
		24FEDBE313CB565500C6EEFF = {
			isa = PBXGroup;
			children = (
				24FEDBFB13CB565500C6EEFF /* Jenkins */,
				24828E9413CCCF9800A1A1D4 /* SecureWrite */,
				24FEDBF213CB565500C6EEFF /* Frameworks */,
				24FEDBF113CB565500C6EEFF /* Products */,
			);
			sourceTree = "<group>";
		};
		24FEDBF113CB565500C6EEFF /* Products */ = {
			isa = PBXGroup;
			children = (
				24FEDBF013CB565500C6EEFF /* Jenkins Preference Pane.prefPane */,
				24828E9013CCCF9800A1A1D4 /* SecureWrite */,
			);
			name = Products;
			sourceTree = "<group>";
		};
		24FEDBF213CB565500C6EEFF /* Frameworks */ = {
			isa = PBXGroup;
			children = (
				24828EA813CCDE4C00A1A1D4 /* Security.framework */,
				240D05F913CB98A7004CB15E /* SecurityInterface.framework */,
				24FEDBF313CB565500C6EEFF /* Cocoa.framework */,
				24FEDBF513CB565500C6EEFF /* PreferencePanes.framework */,
				24828E9213CCCF9800A1A1D4 /* Foundation.framework */,
				24FEDBF713CB565500C6EEFF /* Other Frameworks */,
			);
			name = Frameworks;
			sourceTree = "<group>";
		};
		24FEDBF713CB565500C6EEFF /* Other Frameworks */ = {
			isa = PBXGroup;
			children = (
				24FEDBF813CB565500C6EEFF /* AppKit.framework */,
				24FEDBF913CB565500C6EEFF /* CoreData.framework */,
				24FEDBFA13CB565500C6EEFF /* Foundation.framework */,
			);
			name = "Other Frameworks";
			sourceTree = "<group>";
		};
		24FEDBFB13CB565500C6EEFF /* Jenkins */ = {
			isa = PBXGroup;
			children = (
				2412DE3F13D48D9000EB8C76 /* DKActionButton.h */,
				2412DE4013D48D9000EB8C76 /* DKActionButton.m */,
				2412DE4113D48D9000EB8C76 /* DKActionButtonCell.h */,
				2412DE4213D48D9000EB8C76 /* DKActionButtonCell.m */,
				24FEDC0213CB565500C6EEFF /* JCIPrefPane.h */,
				B1883AE913D2AB83007B7ADB /* JCIPrefPane.m */,
				24D15E1913CF4A8700ABB3A3 /* JCILaunchdPlist.h */,
				24D15E1A13CF4A8700ABB3A3 /* JCILaunchdPlist.m */,
				24B3AF9113D09BE300E1F7FB /* JCIComboSource.h */,
				24B3AF9213D09BE300E1F7FB /* JCIComboSource.m */,
				B18D4C5213D009A30053E20B /* Jenkins.tiff */,
				24FEDC0813CB565500C6EEFF /* Jenkins.xib */,
				24FEDBFC13CB565500C6EEFF /* Supporting Files */,
			);
			path = Jenkins;
			sourceTree = "<group>";
		};
		24FEDBFC13CB565500C6EEFF /* Supporting Files */ = {
			isa = PBXGroup;
			children = (
				24F4E1DE13D490E200073A42 /* Minus.tiff */,
				244DF3D513D5C47F00A7AEEC /* Localization.strings */,
				24F4E1DB13D48F4B00073A42 /* Plus.tiff */,
				24FEDBFD13CB565500C6EEFF /* Jenkins Preference Pane-Info.plist */,
				24FEDBFE13CB565500C6EEFF /* InfoPlist.strings */,
				24FEDC0113CB565500C6EEFF /* Jenkins Preference Pane-Prefix.pch */,
			);
			name = "Supporting Files";
			sourceTree = "<group>";
		};
/* End PBXGroup section */

/* Begin PBXHeadersBuildPhase section */
		24FEDBEC13CB565500C6EEFF /* Headers */ = {
			isa = PBXHeadersBuildPhase;
			buildActionMask = 2147483647;
			files = (
				24FEDC0313CB565500C6EEFF /* JCIPrefPane.h in Headers */,
				24D15E1B13CF4A8700ABB3A3 /* JCILaunchdPlist.h in Headers */,
				24B3AF9313D09BE300E1F7FB /* JCIComboSource.h in Headers */,
				2412DE4313D48D9000EB8C76 /* DKActionButton.h in Headers */,
				2412DE4513D48D9000EB8C76 /* DKActionButtonCell.h in Headers */,
			);
			runOnlyForDeploymentPostprocessing = 0;
		};
/* End PBXHeadersBuildPhase section */

/* Begin PBXNativeTarget section */
		24828E8F13CCCF9800A1A1D4 /* SecureWrite */ = {
			isa = PBXNativeTarget;
			buildConfigurationList = 24828E9D13CCCF9800A1A1D4 /* Build configuration list for PBXNativeTarget "SecureWrite" */;
			buildPhases = (
				24828E8C13CCCF9800A1A1D4 /* Sources */,
				24828E8D13CCCF9800A1A1D4 /* Frameworks */,
				24828E8E13CCCF9800A1A1D4 /* CopyFiles */,
			);
			buildRules = (
			);
			dependencies = (
			);
			name = SecureWrite;
			productName = SecureWrite;
			productReference = 24828E9013CCCF9800A1A1D4 /* SecureWrite */;
			productType = "com.apple.product-type.tool";
		};
		24FEDBEF13CB565500C6EEFF /* Jenkins Preference Pane */ = {
			isa = PBXNativeTarget;
			buildConfigurationList = 24FEDC0D13CB565500C6EEFF /* Build configuration list for PBXNativeTarget "Jenkins Preference Pane" */;
			buildPhases = (
				24FEDBEA13CB565500C6EEFF /* Sources */,
				24FEDBEB13CB565500C6EEFF /* Frameworks */,
				24FEDBEC13CB565500C6EEFF /* Headers */,
				24FEDBED13CB565500C6EEFF /* Resources */,
				24FEDBEE13CB565500C6EEFF /* Rez */,
			);
			buildRules = (
			);
			dependencies = (
				24828EA013CCD3E300A1A1D4 /* PBXTargetDependency */,
			);
			name = "Jenkins Preference Pane";
			productName = Jenkins;
			productReference = 24FEDBF013CB565500C6EEFF /* Jenkins Preference Pane.prefPane */;
			productType = "com.apple.product-type.bundle";
		};
/* End PBXNativeTarget section */

/* Begin PBXProject section */
		24FEDBE513CB565500C6EEFF /* Project object */ = {
			isa = PBXProject;
			attributes = {
				ORGANIZATIONNAME = "Will Ross";
			};
			buildConfigurationList = 24FEDBE813CB565500C6EEFF /* Build configuration list for PBXProject "Jenkins Preference Pane" */;
			compatibilityVersion = "Xcode 3.2";
			developmentRegion = English;
			hasScannedForEncodings = 0;
			knownRegions = (
				en,
			);
			mainGroup = 24FEDBE313CB565500C6EEFF;
			productRefGroup = 24FEDBF113CB565500C6EEFF /* Products */;
			projectDirPath = "";
			projectRoot = "";
			targets = (
				24FEDBEF13CB565500C6EEFF /* Jenkins Preference Pane */,
				24828E8F13CCCF9800A1A1D4 /* SecureWrite */,
			);
		};
/* End PBXProject section */

/* Begin PBXResourcesBuildPhase section */
		24FEDBED13CB565500C6EEFF /* Resources */ = {
			isa = PBXResourcesBuildPhase;
			buildActionMask = 2147483647;
			files = (
				24828EA113CCD3EA00A1A1D4 /* SecureWrite in Resources */,
				24FEDC0013CB565500C6EEFF /* InfoPlist.strings in Resources */,
				24FEDC0A13CB565500C6EEFF /* Jenkins.xib in Resources */,
				B18D4C5313D009A30053E20B /* Jenkins.tiff in Resources */,
				24F4E1DC13D48F4B00073A42 /* Plus.tiff in Resources */,
				24F4E1DF13D490E200073A42 /* Minus.tiff in Resources */,
				244DF3D713D5C47F00A7AEEC /* Localization.strings in Resources */,
			);
			runOnlyForDeploymentPostprocessing = 0;
		};
/* End PBXResourcesBuildPhase section */

/* Begin PBXRezBuildPhase section */
		24FEDBEE13CB565500C6EEFF /* Rez */ = {
			isa = PBXRezBuildPhase;
			buildActionMask = 2147483647;
			files = (
			);
			runOnlyForDeploymentPostprocessing = 0;
		};
/* End PBXRezBuildPhase section */

/* Begin PBXSourcesBuildPhase section */
		24828E8C13CCCF9800A1A1D4 /* Sources */ = {
			isa = PBXSourcesBuildPhase;
			buildActionMask = 2147483647;
			files = (
				24828E9613CCCF9800A1A1D4 /* main.m in Sources */,
			);
			runOnlyForDeploymentPostprocessing = 0;
		};
		24FEDBEA13CB565500C6EEFF /* Sources */ = {
			isa = PBXSourcesBuildPhase;
			buildActionMask = 2147483647;
			files = (
				B1883AE813D2AB83007B7ADB /* JCIPrefPane.m in Sources */,
				24D15E1C13CF4A8700ABB3A3 /* JCILaunchdPlist.m in Sources */,
				24B3AF9413D09BE300E1F7FB /* JCIComboSource.m in Sources */,
				2412DE4413D48D9000EB8C76 /* DKActionButton.m in Sources */,
				2412DE4613D48D9000EB8C76 /* DKActionButtonCell.m in Sources */,
			);
			runOnlyForDeploymentPostprocessing = 0;
		};
/* End PBXSourcesBuildPhase section */

/* Begin PBXTargetDependency section */
		24828EA013CCD3E300A1A1D4 /* PBXTargetDependency */ = {
			isa = PBXTargetDependency;
			target = 24828E8F13CCCF9800A1A1D4 /* SecureWrite */;
			targetProxy = 24828E9F13CCD3E300A1A1D4 /* PBXContainerItemProxy */;
		};
/* End PBXTargetDependency section */

/* Begin PBXVariantGroup section */
		244DF3D513D5C47F00A7AEEC /* Localization.strings */ = {
			isa = PBXVariantGroup;
			children = (
				244DF3D613D5C47F00A7AEEC /* en */,
			);
			name = Localization.strings;
			sourceTree = "<group>";
		};
		24FEDBFE13CB565500C6EEFF /* InfoPlist.strings */ = {
			isa = PBXVariantGroup;
			children = (
				24FEDBFF13CB565500C6EEFF /* en */,
			);
			name = InfoPlist.strings;
			sourceTree = "<group>";
		};
		24FEDC0813CB565500C6EEFF /* Jenkins.xib */ = {
			isa = PBXVariantGroup;
			children = (
				24FEDC0913CB565500C6EEFF /* en */,
			);
			name = Jenkins.xib;
			sourceTree = "<group>";
		};
/* End PBXVariantGroup section */

/* Begin XCBuildConfiguration section */
		24828E9B13CCCF9800A1A1D4 /* Debug */ = {
			isa = XCBuildConfiguration;
			buildSettings = {
				GCC_ENABLE_OBJC_EXCEPTIONS = NO;
				GCC_ENABLE_OBJC_GC = unsupported;
				GCC_PRECOMPILE_PREFIX_HEADER = YES;
				GCC_PREFIX_HEADER = "SecureWrite/SecureWrite-Prefix.pch";
				PRODUCT_NAME = "$(TARGET_NAME)";
			};
			name = Debug;
		};
		24828E9C13CCCF9800A1A1D4 /* Release */ = {
			isa = XCBuildConfiguration;
			buildSettings = {
				GCC_ENABLE_OBJC_EXCEPTIONS = NO;
				GCC_ENABLE_OBJC_GC = unsupported;
				GCC_PRECOMPILE_PREFIX_HEADER = YES;
				GCC_PREFIX_HEADER = "SecureWrite/SecureWrite-Prefix.pch";
				PRODUCT_NAME = "$(TARGET_NAME)";
			};
			name = Release;
		};
		24FEDC0B13CB565500C6EEFF /* Debug */ = {
			isa = XCBuildConfiguration;
			buildSettings = {
				ALWAYS_SEARCH_USER_PATHS = NO;
				ARCHS = "$(ARCHS_STANDARD_32_64_BIT)";
				COPY_PHASE_STRIP = NO;
				GCC_C_LANGUAGE_STANDARD = c99;
				GCC_DYNAMIC_NO_PIC = NO;
				GCC_ENABLE_OBJC_EXCEPTIONS = YES;
				GCC_ENABLE_OBJC_GC = supported;
				GCC_OPTIMIZATION_LEVEL = 0;
				GCC_PREPROCESSOR_DEFINITIONS = (
					"DEBUG=1",
					"$(inherited)",
				);
				GCC_SYMBOLS_PRIVATE_EXTERN = NO;
				GCC_VERSION = com.apple.compilers.llvm.clang.1_0;
				GCC_WARN_64_TO_32_BIT_CONVERSION = YES;
				GCC_WARN_ABOUT_MISSING_PROTOTYPES = YES;
				GCC_WARN_ABOUT_RETURN_TYPE = YES;
				GCC_WARN_UNUSED_VARIABLE = YES;
				MACOSX_DEPLOYMENT_TARGET = 10.5;
				ONLY_ACTIVE_ARCH = YES;
				OTHER_CFLAGS = "";
				SDKROOT = macosx;
				VALID_ARCHS = "i386 x86_64";
				WARNING_CFLAGS = (
					"-pedantic",
					"-Wall",
					"-Wextra",
					"-Wno-import",
					"-Wno-unused-parameter",
				);
			};
			name = Debug;
		};
		24FEDC0C13CB565500C6EEFF /* Release */ = {
			isa = XCBuildConfiguration;
			buildSettings = {
				ALWAYS_SEARCH_USER_PATHS = NO;
				ARCHS = "$(ARCHS_STANDARD_32_64_BIT)";
				COPY_PHASE_STRIP = YES;
				DEBUG_INFORMATION_FORMAT = "dwarf-with-dsym";
				GCC_C_LANGUAGE_STANDARD = c99;
				GCC_ENABLE_OBJC_EXCEPTIONS = YES;
				GCC_ENABLE_OBJC_GC = supported;
				GCC_VERSION = com.apple.compilers.llvm.clang.1_0;
				GCC_WARN_64_TO_32_BIT_CONVERSION = YES;
				GCC_WARN_ABOUT_MISSING_PROTOTYPES = YES;
				GCC_WARN_ABOUT_RETURN_TYPE = YES;
				GCC_WARN_UNUSED_VARIABLE = YES;
				MACOSX_DEPLOYMENT_TARGET = 10.5;
				OTHER_CFLAGS = "";
				SDKROOT = macosx;
				VALID_ARCHS = "ppc i386 x86_64";
				WARNING_CFLAGS = (
					"-pedantic",
					"-Wall",
					"-Wextra",
					"-Wno-import",
					"-Wno-unused-parameter",
				);
			};
			name = Release;
		};
		24FEDC0E13CB565500C6EEFF /* Debug */ = {
			isa = XCBuildConfiguration;
			buildSettings = {
				GCC_PRECOMPILE_PREFIX_HEADER = YES;
				GCC_PREFIX_HEADER = "Jenkins/Jenkins Preference Pane-Prefix.pch";
				INFOPLIST_FILE = "Jenkins/Jenkins Preference Pane-Info.plist";
				PRODUCT_NAME = "Jenkins Preference Pane";
				WRAPPER_EXTENSION = prefPane;
			};
			name = Debug;
		};
		24FEDC0F13CB565500C6EEFF /* Release */ = {
			isa = XCBuildConfiguration;
			buildSettings = {
				GCC_PRECOMPILE_PREFIX_HEADER = YES;
				GCC_PREFIX_HEADER = "Jenkins/Jenkins Preference Pane-Prefix.pch";
				INFOPLIST_FILE = "Jenkins/Jenkins Preference Pane-Info.plist";
				PRODUCT_NAME = "Jenkins Preference Pane";
				WRAPPER_EXTENSION = prefPane;
			};
			name = Release;
		};
/* End XCBuildConfiguration section */

/* Begin XCConfigurationList section */
		24828E9D13CCCF9800A1A1D4 /* Build configuration list for PBXNativeTarget "SecureWrite" */ = {
			isa = XCConfigurationList;
			buildConfigurations = (
				24828E9B13CCCF9800A1A1D4 /* Debug */,
				24828E9C13CCCF9800A1A1D4 /* Release */,
			);
			defaultConfigurationIsVisible = 0;
			defaultConfigurationName = Release;
		};
		24FEDBE813CB565500C6EEFF /* Build configuration list for PBXProject "Jenkins Preference Pane" */ = {
			isa = XCConfigurationList;
			buildConfigurations = (
				24FEDC0B13CB565500C6EEFF /* Debug */,
				24FEDC0C13CB565500C6EEFF /* Release */,
			);
			defaultConfigurationIsVisible = 0;
			defaultConfigurationName = Release;
		};
		24FEDC0D13CB565500C6EEFF /* Build configuration list for PBXNativeTarget "Jenkins Preference Pane" */ = {
			isa = XCConfigurationList;
			buildConfigurations = (
				24FEDC0E13CB565500C6EEFF /* Debug */,
				24FEDC0F13CB565500C6EEFF /* Release */,
			);
			defaultConfigurationIsVisible = 0;
			defaultConfigurationName = Release;
		};
/* End XCConfigurationList section */
	};
	rootObject = 24FEDBE513CB565500C6EEFF /* Project object */;
}
